// !$*UTF8*$!
{
	archiveVersion = 1;
	classes = {
	};
	objectVersion = 46;
	objects = {

/* Begin PBXBuildFile section */
		F203A7431ACA60EC00D77774 /* main.m in Sources */ = {isa = PBXBuildFile; fileRef = F203A7421ACA60EC00D77774 /* main.m */; };
		F203A7461ACA60EC00D77774 /* AppDelegate.m in Sources */ = {isa = PBXBuildFile; fileRef = F203A7451ACA60EC00D77774 /* AppDelegate.m */; };
		F203A7491ACA60EC00D77774 /* ViewController.m in Sources */ = {isa = PBXBuildFile; fileRef = F203A7481ACA60EC00D77774 /* ViewController.m */; };
		F203A74C1ACA60EC00D77774 /* Main.storyboard in Resources */ = {isa = PBXBuildFile; fileRef = F203A74A1ACA60EC00D77774 /* Main.storyboard */; };
		F203A74E1ACA60EC00D77774 /* Images.xcassets in Resources */ = {isa = PBXBuildFile; fileRef = F203A74D1ACA60EC00D77774 /* Images.xcassets */; };
		F203A7511ACA60EC00D77774 /* LaunchScreen.xib in Resources */ = {isa = PBXBuildFile; fileRef = F203A74F1ACA60EC00D77774 /* LaunchScreen.xib */; };
		F203A75D1ACA60EC00D77774 /* menuCoquetoTests.m in Sources */ = {isa = PBXBuildFile; fileRef = F203A75C1ACA60EC00D77774 /* menuCoquetoTests.m */; };
/* End PBXBuildFile section */

/* Begin PBXContainerItemProxy section */
		F203A7571ACA60EC00D77774 /* PBXContainerItemProxy */ = {
			isa = PBXContainerItemProxy;
			containerPortal = F203A7351ACA60EC00D77774 /* Project object */;
			proxyType = 1;
			remoteGlobalIDString = F203A73C1ACA60EC00D77774;
			remoteInfo = menuCoqueto;
		};
/* End PBXContainerItemProxy section */

/* Begin PBXFileReference section */
		F203A73D1ACA60EC00D77774 /* menuCoqueto.app */ = {isa = PBXFileReference; explicitFileType = wrapper.application; includeInIndex = 0; path = menuCoqueto.app; sourceTree = BUILT_PRODUCTS_DIR; };
		F203A7411ACA60EC00D77774 /* Info.plist */ = {isa = PBXFileReference; lastKnownFileType = text.plist.xml; path = Info.plist; sourceTree = "<group>"; };
		F203A7421ACA60EC00D77774 /* main.m */ = {isa = PBXFileReference; lastKnownFileType = sourcecode.c.objc; path = main.m; sourceTree = "<group>"; };
		F203A7441ACA60EC00D77774 /* AppDelegate.h */ = {isa = PBXFileReference; lastKnownFileType = sourcecode.c.h; path = AppDelegate.h; sourceTree = "<group>"; };
		F203A7451ACA60EC00D77774 /* AppDelegate.m */ = {isa = PBXFileReference; lastKnownFileType = sourcecode.c.objc; path = AppDelegate.m; sourceTree = "<group>"; };
		F203A7471ACA60EC00D77774 /* ViewController.h */ = {isa = PBXFileReference; lastKnownFileType = sourcecode.c.h; path = ViewController.h; sourceTree = "<group>"; };
		F203A7481ACA60EC00D77774 /* ViewController.m */ = {isa = PBXFileReference; lastKnownFileType = sourcecode.c.objc; path = ViewController.m; sourceTree = "<group>"; };
		F203A74B1ACA60EC00D77774 /* Base */ = {isa = PBXFileReference; lastKnownFileType = file.storyboard; name = Base; path = Base.lproj/Main.storyboard; sourceTree = "<group>"; };
		F203A74D1ACA60EC00D77774 /* Images.xcassets */ = {isa = PBXFileReference; lastKnownFileType = folder.assetcatalog; path = Images.xcassets; sourceTree = "<group>"; };
		F203A7501ACA60EC00D77774 /* Base */ = {isa = PBXFileReference; lastKnownFileType = file.xib; name = Base; path = Base.lproj/LaunchScreen.xib; sourceTree = "<group>"; };
		F203A7561ACA60EC00D77774 /* menuCoquetoTests.xctest */ = {isa = PBXFileReference; explicitFileType = wrapper.cfbundle; includeInIndex = 0; path = menuCoquetoTests.xctest; sourceTree = BUILT_PRODUCTS_DIR; };
		F203A75B1ACA60EC00D77774 /* Info.plist */ = {isa = PBXFileReference; lastKnownFileType = text.plist.xml; path = Info.plist; sourceTree = "<group>"; };
		F203A75C1ACA60EC00D77774 /* menuCoquetoTests.m */ = {isa = PBXFileReference; lastKnownFileType = sourcecode.c.objc; path = menuCoquetoTests.m; sourceTree = "<group>"; };
/* End PBXFileReference section */

/* Begin PBXFrameworksBuildPhase section */
		F203A73A1ACA60EC00D77774 /* Frameworks */ = {
			isa = PBXFrameworksBuildPhase;
			buildActionMask = 2147483647;
			files = (
			);
			runOnlyForDeploymentPostprocessing = 0;
		};
		F203A7531ACA60EC00D77774 /* Frameworks */ = {
			isa = PBXFrameworksBuildPhase;
			buildActionMask = 2147483647;
			files = (
			);
			runOnlyForDeploymentPostprocessing = 0;
		};
/* End PBXFrameworksBuildPhase section */

/* Begin PBXGroup section */
		F203A7341ACA60EC00D77774 = {
			isa = PBXGroup;
			children = (
				F203A73F1ACA60EC00D77774 /* menuCoqueto */,
				F203A7591ACA60EC00D77774 /* menuCoquetoTests */,
				F203A73E1ACA60EC00D77774 /* Products */,
			);
			sourceTree = "<group>";
		};
		F203A73E1ACA60EC00D77774 /* Products */ = {
			isa = PBXGroup;
			children = (
				F203A73D1ACA60EC00D77774 /* menuCoqueto.app */,
				F203A7561ACA60EC00D77774 /* menuCoquetoTests.xctest */,
			);
			name = Products;
			sourceTree = "<group>";
		};
		F203A73F1ACA60EC00D77774 /* menuCoqueto */ = {
			isa = PBXGroup;
			children = (
				F203A7441ACA60EC00D77774 /* AppDelegate.h */,
				F203A7451ACA60EC00D77774 /* AppDelegate.m */,
				F203A7471ACA60EC00D77774 /* ViewController.h */,
				F203A7481ACA60EC00D77774 /* ViewController.m */,
				F203A74A1ACA60EC00D77774 /* Main.storyboard */,
				F203A74D1ACA60EC00D77774 /* Images.xcassets */,
				F203A74F1ACA60EC00D77774 /* LaunchScreen.xib */,
				F203A7401ACA60EC00D77774 /* Supporting Files */,
			);
			path = menuCoqueto;
			sourceTree = "<group>";
		};
		F203A7401ACA60EC00D77774 /* Supporting Files */ = {
			isa = PBXGroup;
			children = (
				F203A7411ACA60EC00D77774 /* Info.plist */,
				F203A7421ACA60EC00D77774 /* main.m */,
			);
			name = "Supporting Files";
			sourceTree = "<group>";
		};
		F203A7591ACA60EC00D77774 /* menuCoquetoTests */ = {
			isa = PBXGroup;
			children = (
				F203A75C1ACA60EC00D77774 /* menuCoquetoTests.m */,
				F203A75A1ACA60EC00D77774 /* Supporting Files */,
			);
			path = menuCoquetoTests;
			sourceTree = "<group>";
		};
		F203A75A1ACA60EC00D77774 /* Supporting Files */ = {
			isa = PBXGroup;
			children = (
				F203A75B1ACA60EC00D77774 /* Info.plist */,
			);
			name = "Supporting Files";
			sourceTree = "<group>";
		};
/* End PBXGroup section */

/* Begin PBXNativeTarget section */
		F203A73C1ACA60EC00D77774 /* menuCoqueto */ = {
			isa = PBXNativeTarget;
			buildConfigurationList = F203A7601ACA60EC00D77774 /* Build configuration list for PBXNativeTarget "menuCoqueto" */;
			buildPhases = (
				F203A7391ACA60EC00D77774 /* Sources */,
				F203A73A1ACA60EC00D77774 /* Frameworks */,
				F203A73B1ACA60EC00D77774 /* Resources */,
			);
			buildRules = (
			);
			dependencies = (
			);
			name = menuCoqueto;
			productName = menuCoqueto;
			productReference = F203A73D1ACA60EC00D77774 /* menuCoqueto.app */;
			productType = "com.apple.product-type.application";
		};
		F203A7551ACA60EC00D77774 /* menuCoquetoTests */ = {
			isa = PBXNativeTarget;
			buildConfigurationList = F203A7631ACA60EC00D77774 /* Build configuration list for PBXNativeTarget "menuCoquetoTests" */;
			buildPhases = (
				F203A7521ACA60EC00D77774 /* Sources */,
				F203A7531ACA60EC00D77774 /* Frameworks */,
				F203A7541ACA60EC00D77774 /* Resources */,
			);
			buildRules = (
			);
			dependencies = (
				F203A7581ACA60EC00D77774 /* PBXTargetDependency */,
			);
			name = menuCoquetoTests;
			productName = menuCoquetoTests;
			productReference = F203A7561ACA60EC00D77774 /* menuCoquetoTests.xctest */;
			productType = "com.apple.product-type.bundle.unit-test";
		};
/* End PBXNativeTarget section */

/* Begin PBXProject section */
		F203A7351ACA60EC00D77774 /* Project object */ = {
			isa = PBXProject;
			attributes = {
				LastUpgradeCheck = 0620;
				ORGANIZATIONNAME = "Galileo Guzman";
				TargetAttributes = {
					F203A73C1ACA60EC00D77774 = {
						CreatedOnToolsVersion = 6.2;
					};
					F203A7551ACA60EC00D77774 = {
						CreatedOnToolsVersion = 6.2;
						TestTargetID = F203A73C1ACA60EC00D77774;
					};
				};
			};
			buildConfigurationList = F203A7381ACA60EC00D77774 /* Build configuration list for PBXProject "menuCoqueto" */;
			compatibilityVersion = "Xcode 3.2";
			developmentRegion = English;
			hasScannedForEncodings = 0;
			knownRegions = (
				en,
				Base,
			);
			mainGroup = F203A7341ACA60EC00D77774;
			productRefGroup = F203A73E1ACA60EC00D77774 /* Products */;
			projectDirPath = "";
			projectRoot = "";
			targets = (
				F203A73C1ACA60EC00D77774 /* menuCoqueto */,
				F203A7551ACA60EC00D77774 /* menuCoquetoTests */,
			);
		};
/* End PBXProject section */

/* Begin PBXResourcesBuildPhase section */
		F203A73B1ACA60EC00D77774 /* Resources */ = {
			isa = PBXResourcesBuildPhase;
			buildActionMask = 2147483647;
			files = (
				F203A74C1ACA60EC00D77774 /* Main.storyboard in Resources */,
				F203A7511ACA60EC00D77774 /* LaunchScreen.xib in Resources */,
				F203A74E1ACA60EC00D77774 /* Images.xcassets in Resources */,
			);
			runOnlyForDeploymentPostprocessing = 0;
		};
		F203A7541ACA60EC00D77774 /* Resources */ = {
			isa = PBXResourcesBuildPhase;
			buildActionMask = 2147483647;
			files = (
			);
			runOnlyForDeploymentPostprocessing = 0;
		};
/* End PBXResourcesBuildPhase section */

/* Begin PBXSourcesBuildPhase section */
		F203A7391ACA60EC00D77774 /* Sources */ = {
			isa = PBXSourcesBuildPhase;
			buildActionMask = 2147483647;
			files = (
				F203A7491ACA60EC00D77774 /* ViewController.m in Sources */,
				F203A7461ACA60EC00D77774 /* AppDelegate.m in Sources */,
				F203A7431ACA60EC00D77774 /* main.m in Sources */,
			);
			runOnlyForDeploymentPostprocessing = 0;
		};
		F203A7521ACA60EC00D77774 /* Sources */ = {
			isa = PBXSourcesBuildPhase;
			buildActionMask = 2147483647;
			files = (
				F203A75D1ACA60EC00D77774 /* menuCoquetoTests.m in Sources */,
			);
			runOnlyForDeploymentPostprocessing = 0;
		};
/* End PBXSourcesBuildPhase section */

/* Begin PBXTargetDependency section */
		F203A7581ACA60EC00D77774 /* PBXTargetDependency */ = {
			isa = PBXTargetDependency;
			target = F203A73C1ACA60EC00D77774 /* menuCoqueto */;
			targetProxy = F203A7571ACA60EC00D77774 /* PBXContainerItemProxy */;
		};
/* End PBXTargetDependency section */

/* Begin PBXVariantGroup section */
		F203A74A1ACA60EC00D77774 /* Main.storyboard */ = {
			isa = PBXVariantGroup;
			children = (
				F203A74B1ACA60EC00D77774 /* Base */,
			);
			name = Main.storyboard;
			sourceTree = "<group>";
		};
		F203A74F1ACA60EC00D77774 /* LaunchScreen.xib */ = {
			isa = PBXVariantGroup;
			children = (
				F203A7501ACA60EC00D77774 /* Base */,
			);
			name = LaunchScreen.xib;
			sourceTree = "<group>";
		};
/* End PBXVariantGroup section */

/* Begin XCBuildConfiguration section */
		F203A75E1ACA60EC00D77774 /* Debug */ = {
			isa = XCBuildConfiguration;
			buildSettings = {
				ALWAYS_SEARCH_USER_PATHS = NO;
				CLANG_CXX_LANGUAGE_STANDARD = "gnu++0x";
				CLANG_CXX_LIBRARY = "libc++";
				CLANG_ENABLE_MODULES = YES;
				CLANG_ENABLE_OBJC_ARC = YES;
				CLANG_WARN_BOOL_CONVERSION = YES;
				CLANG_WARN_CONSTANT_CONVERSION = YES;
				CLANG_WARN_DIRECT_OBJC_ISA_USAGE = YES_ERROR;
				CLANG_WARN_EMPTY_BODY = YES;
				CLANG_WARN_ENUM_CONVERSION = YES;
				CLANG_WARN_INT_CONVERSION = YES;
				CLANG_WARN_OBJC_ROOT_CLASS = YES_ERROR;
				CLANG_WARN_UNREACHABLE_CODE = YES;
				CLANG_WARN__DUPLICATE_METHOD_MATCH = YES;
				"CODE_SIGN_IDENTITY[sdk=iphoneos*]" = "iPhone Developer";
				COPY_PHASE_STRIP = NO;
				ENABLE_STRICT_OBJC_MSGSEND = YES;
				GCC_C_LANGUAGE_STANDARD = gnu99;
				GCC_DYNAMIC_NO_PIC = NO;
				GCC_OPTIMIZATION_LEVEL = 0;
				GCC_PREPROCESSOR_DEFINITIONS = (
					"DEBUG=1",
					"$(inherited)",
				);
				GCC_SYMBOLS_PRIVATE_EXTERN = NO;
				GCC_WARN_64_TO_32_BIT_CONVERSION = YES;
				GCC_WARN_ABOUT_RETURN_TYPE = YES_ERROR;
				GCC_WARN_UNDECLARED_SELECTOR = YES;
				GCC_WARN_UNINITIALIZED_AUTOS = YES_AGGRESSIVE;
				GCC_WARN_UNUSED_FUNCTION = YES;
				GCC_WARN_UNUSED_VARIABLE = YES;
				IPHONEOS_DEPLOYMENT_TARGET = 8.2;
				MTL_ENABLE_DEBUG_INFO = YES;
				ONLY_ACTIVE_ARCH = YES;
				SDKROOT = iphoneos;
			};
			name = Debug;
		};
		F203A75F1ACA60EC00D77774 /* Release */ = {
			isa = XCBuildConfiguration;
			buildSettings = {
				ALWAYS_SEARCH_USER_PATHS = NO;
				CLANG_CXX_LANGUAGE_STANDARD = "gnu++0x";
				CLANG_CXX_LIBRARY = "libc++";
				CLANG_ENABLE_MODULES = YES;
				CLANG_ENABLE_OBJC_ARC = YES;
				CLANG_WARN_BOOL_CONVERSION = YES;
				CLANG_WARN_CONSTANT_CONVERSION = YES;
				CLANG_WARN_DIRECT_OBJC_ISA_USAGE = YES_ERROR;
				CLANG_WARN_EMPTY_BODY = YES;
				CLANG_WARN_ENUM_CONVERSION = YES;
				CLANG_WARN_INT_CONVERSION = YES;
				CLANG_WARN_OBJC_ROOT_CLASS = YES_ERROR;
				CLANG_WARN_UNREACHABLE_CODE = YES;
				CLANG_WARN__DUPLICATE_METHOD_MATCH = YES;
				"CODE_SIGN_IDENTITY[sdk=iphoneos*]" = "iPhone Developer";
				COPY_PHASE_STRIP = NO;
				ENABLE_NS_ASSERTIONS = NO;
				ENABLE_STRICT_OBJC_MSGSEND = YES;
				GCC_C_LANGUAGE_STANDARD = gnu99;
				GCC_WARN_64_TO_32_BIT_CONVERSION = YES;
				GCC_WARN_ABOUT_RETURN_TYPE = YES_ERROR;
				GCC_WARN_UNDECLARED_SELECTOR = YES;
				GCC_WARN_UNINITIALIZED_AUTOS = YES_AGGRESSIVE;
				GCC_WARN_UNUSED_FUNCTION = YES;
				GCC_WARN_UNUSED_VARIABLE = YES;
				IPHONEOS_DEPLOYMENT_TARGET = 8.2;
				MTL_ENABLE_DEBUG_INFO = NO;
				SDKROOT = iphoneos;
				VALIDATE_PRODUCT = YES;
			};
			name = Release;
		};
		F203A7611ACA60EC00D77774 /* Debug */ = {
			isa = XCBuildConfiguration;
			buildSettings = {
				ASSETCATALOG_COMPILER_APPICON_NAME = AppIcon;
				INFOPLIST_FILE = menuCoqueto/Info.plist;
				LD_RUNPATH_SEARCH_PATHS = "$(inherited) @executable_path/Frameworks";
				PRODUCT_NAME = "$(TARGET_NAME)";
			};
			name = Debug;
		};
		F203A7621ACA60EC00D77774 /* Release */ = {
			isa = XCBuildConfiguration;
			buildSettings = {
				ASSETCATALOG_COMPILER_APPICON_NAME = AppIcon;
				INFOPLIST_FILE = menuCoqueto/Info.plist;
				LD_RUNPATH_SEARCH_PATHS = "$(inherited) @executable_path/Frameworks";
				PRODUCT_NAME = "$(TARGET_NAME)";
			};
			name = Release;
		};
		F203A7641ACA60EC00D77774 /* Debug */ = {
			isa = XCBuildConfiguration;
			buildSettings = {
				BUNDLE_LOADER = "$(TEST_HOST)";
				FRAMEWORK_SEARCH_PATHS = (
					"$(SDKROOT)/Developer/Library/Frameworks",
					"$(inherited)",
				);
				GCC_PREPROCESSOR_DEFINITIONS = (
					"DEBUG=1",
					"$(inherited)",
				);
				INFOPLIST_FILE = menuCoquetoTests/Info.plist;
				LD_RUNPATH_SEARCH_PATHS = "$(inherited) @executable_path/Frameworks @loader_path/Frameworks";
				PRODUCT_NAME = "$(TARGET_NAME)";
				TEST_HOST = "$(BUILT_PRODUCTS_DIR)/menuCoqueto.app/menuCoqueto";
			};
			name = Debug;
		};
		F203A7651ACA60EC00D77774 /* Release */ = {
			isa = XCBuildConfiguration;
			buildSettings = {
				BUNDLE_LOADER = "$(TEST_HOST)";
				FRAMEWORK_SEARCH_PATHS = (
					"$(SDKROOT)/Developer/Library/Frameworks",
					"$(inherited)",
				);
				INFOPLIST_FILE = menuCoquetoTests/Info.plist;
				LD_RUNPATH_SEARCH_PATHS = "$(inherited) @executable_path/Frameworks @loader_path/Frameworks";
				PRODUCT_NAME = "$(TARGET_NAME)";
				TEST_HOST = "$(BUILT_PRODUCTS_DIR)/menuCoqueto.app/menuCoqueto";
			};
			name = Release;
		};
/* End XCBuildConfiguration section */

/* Begin XCConfigurationList section */
		F203A7381ACA60EC00D77774 /* Build configuration list for PBXProject "menuCoqueto" */ = {
			isa = XCConfigurationList;
			buildConfigurations = (
				F203A75E1ACA60EC00D77774 /* Debug */,
				F203A75F1ACA60EC00D77774 /* Release */,
			);
			defaultConfigurationIsVisible = 0;
			defaultConfigurationName = Release;
		};
		F203A7601ACA60EC00D77774 /* Build configuration list for PBXNativeTarget "menuCoqueto" */ = {
			isa = XCConfigurationList;
			buildConfigurations = (
				F203A7611ACA60EC00D77774 /* Debug */,
				F203A7621ACA60EC00D77774 /* Release */,
			);
			defaultConfigurationIsVisible = 0;
		};
		F203A7631ACA60EC00D77774 /* Build configuration list for PBXNativeTarget "menuCoquetoTests" */ = {
			isa = XCConfigurationList;
			buildConfigurations = (
				F203A7641ACA60EC00D77774 /* Debug */,
				F203A7651ACA60EC00D77774 /* Release */,
			);
			defaultConfigurationIsVisible = 0;
		};
/* End XCConfigurationList section */
	};
	rootObject = F203A7351ACA60EC00D77774 /* Project object */;
}
